
Microsoft Visual Studio Solution File, Format Version 12.00
# Visual Studio Version 17
VisualStudioVersion = 17.3.32811.315
MinimumVisualStudioVersion = 10.0.40219.1
Project("{9A19103F-16F7-4668-BE54-9A1E7A4F7556}") = "RichMediaJournal", "RichMediaJournal\RichMediaJournal.csproj", "{A9057559-C029-43B6-87BA-0029E133B7A1}"
EndProject
Project("{9A19103F-16F7-4668-BE54-9A1E7A4F7556}") = "ModuleContract", "ModuleContract\ModuleContract.csproj", "{0EC9F147-A102-4548-864D-E88EF1EEA757}"
EndProject
Project("{FAE04EC0-301F-11D3-BF4B-00C04F79EFBC}") = "ButtonSlashModule", "ButtonSlashModule\ButtonSlashModule.csproj", "{1DCD33EB-C704-46EB-BFEB-7A1CC8BADB86}"
EndProject
Project("{FAE04EC0-301F-11D3-BF4B-00C04F79EFBC}") = "HelloBotExample", "HelloBotExample\HelloBotExample.csproj", "{025DFF14-3D4F-4619-856E-5E791AB471AB}"
EndProject
Global
	GlobalSection(SolutionConfigurationPlatforms) = preSolution
		Debug|Any CPU = Debug|Any CPU
		Release|Any CPU = Release|Any CPU
	EndGlobalSection
	GlobalSection(ProjectConfigurationPlatforms) = postSolution
		{A9057559-C029-43B6-87BA-0029E133B7A1}.Debug|Any CPU.ActiveCfg = Debug|Any CPU
		{A9057559-C029-43B6-87BA-0029E133B7A1}.Debug|Any CPU.Build.0 = Debug|Any CPU
		{A9057559-C029-43B6-87BA-0029E133B7A1}.Release|Any CPU.ActiveCfg = Release|Any CPU
		{A9057559-C029-43B6-87BA-0029E133B7A1}.Release|Any CPU.Build.0 = Release|Any CPU
		{0EC9F147-A102-4548-864D-E88EF1EEA757}.Debug|Any CPU.ActiveCfg = Debug|Any CPU
		{0EC9F147-A102-4548-864D-E88EF1EEA757}.Debug|Any CPU.Build.0 = Debug|Any CPU
		{0EC9F147-A102-4548-864D-E88EF1EEA757}.Release|Any CPU.ActiveCfg = Release|Any CPU
		{0EC9F147-A102-4548-864D-E88EF1EEA757}.Release|Any CPU.Build.0 = Release|Any CPU
		{1DCD33EB-C704-46EB-BFEB-7A1CC8BADB86}.Debug|Any CPU.ActiveCfg = Debug|Any CPU
		{1DCD33EB-C704-46EB-BFEB-7A1CC8BADB86}.Debug|Any CPU.Build.0 = Debug|Any CPU
		{1DCD33EB-C704-46EB-BFEB-7A1CC8BADB86}.Release|Any CPU.ActiveCfg = Release|Any CPU
		{1DCD33EB-C704-46EB-BFEB-7A1CC8BADB86}.Release|Any CPU.Build.0 = Release|Any CPU
		{025DFF14-3D4F-4619-856E-5E791AB471AB}.Debug|Any CPU.ActiveCfg = Debug|Any CPU
		{025DFF14-3D4F-4619-856E-5E791AB471AB}.Debug|Any CPU.Build.0 = Debug|Any CPU
		{025DFF14-3D4F-4619-856E-5E791AB471AB}.Release|Any CPU.ActiveCfg = Release|Any CPU
		{025DFF14-3D4F-4619-856E-5E791AB471AB}.Release|Any CPU.Build.0 = Release|Any CPU
	EndGlobalSection
	GlobalSection(SolutionProperties) = preSolution
		HideSolutionNode = FALSE
	EndGlobalSection
	GlobalSection(ExtensibilityGlobals) = postSolution
		SolutionGuid = {FC05864B-63DA-4581-AD25-835E2E8F05A5}
	EndGlobalSection
EndGlobal
